// !$*UTF8*$!
{
	archiveVersion = 1;
	classes = {
	};
	objectVersion = 55;
	objects = {

/* Begin PBXBuildFile section */
		A5A951E12833642100CC16AF /* TableViewController.swift in Sources */ = {isa = PBXBuildFile; fileRef = A5A951E02833642100CC16AF /* TableViewController.swift */; };
		A5A951E32833685D00CC16AF /* TableViewCell.swift in Sources */ = {isa = PBXBuildFile; fileRef = A5A951E22833685D00CC16AF /* TableViewCell.swift */; };
		A5A951E928336D9600CC16AF /* TableViewViewModelType.swift in Sources */ = {isa = PBXBuildFile; fileRef = A5A951E828336D9600CC16AF /* TableViewViewModelType.swift */; };
		A5A951ED2833701200CC16AF /* TableViewCellViewModelType.swift in Sources */ = {isa = PBXBuildFile; fileRef = A5A951EC2833701200CC16AF /* TableViewCellViewModelType.swift */; };
		A5A951EF283370D300CC16AF /* TableViewCellViewModel.swift in Sources */ = {isa = PBXBuildFile; fileRef = A5A951EE283370D300CC16AF /* TableViewCellViewModel.swift */; };
		A5AD72B02832367B0087D1CE /* AppDelegate.swift in Sources */ = {isa = PBXBuildFile; fileRef = A5AD72AF2832367B0087D1CE /* AppDelegate.swift */; };
		A5AD72B22832367B0087D1CE /* SceneDelegate.swift in Sources */ = {isa = PBXBuildFile; fileRef = A5AD72B12832367B0087D1CE /* SceneDelegate.swift */; };
		A5AD72B72832367B0087D1CE /* Main.storyboard in Resources */ = {isa = PBXBuildFile; fileRef = A5AD72B52832367B0087D1CE /* Main.storyboard */; };
		A5AD72B92832367D0087D1CE /* Assets.xcassets in Resources */ = {isa = PBXBuildFile; fileRef = A5AD72B82832367D0087D1CE /* Assets.xcassets */; };
		A5AD72BC2832367D0087D1CE /* LaunchScreen.storyboard in Resources */ = {isa = PBXBuildFile; fileRef = A5AD72BA2832367D0087D1CE /* LaunchScreen.storyboard */; };
		A5AD72C4283237250087D1CE /* Profile.swift in Sources */ = {isa = PBXBuildFile; fileRef = A5AD72C3283237250087D1CE /* Profile.swift */; };
		A5AD72C628323A0A0087D1CE /* ViewModel.swift in Sources */ = {isa = PBXBuildFile; fileRef = A5AD72C528323A0A0087D1CE /* ViewModel.swift */; };
/* End PBXBuildFile section */

/* Begin PBXFileReference section */
		A5A951E02833642100CC16AF /* TableViewController.swift */ = {isa = PBXFileReference; lastKnownFileType = sourcecode.swift; path = TableViewController.swift; sourceTree = "<group>"; };
		A5A951E22833685D00CC16AF /* TableViewCell.swift */ = {isa = PBXFileReference; lastKnownFileType = sourcecode.swift; path = TableViewCell.swift; sourceTree = "<group>"; };
		A5A951E828336D9600CC16AF /* TableViewViewModelType.swift */ = {isa = PBXFileReference; lastKnownFileType = sourcecode.swift; path = TableViewViewModelType.swift; sourceTree = "<group>"; };
		A5A951EC2833701200CC16AF /* TableViewCellViewModelType.swift */ = {isa = PBXFileReference; lastKnownFileType = sourcecode.swift; path = TableViewCellViewModelType.swift; sourceTree = "<group>"; };
		A5A951EE283370D300CC16AF /* TableViewCellViewModel.swift */ = {isa = PBXFileReference; lastKnownFileType = sourcecode.swift; path = TableViewCellViewModel.swift; sourceTree = "<group>"; };
		A5AD72AC2832367B0087D1CE /* UserInfo.app */ = {isa = PBXFileReference; explicitFileType = wrapper.application; includeInIndex = 0; path = UserInfo.app; sourceTree = BUILT_PRODUCTS_DIR; };
		A5AD72AF2832367B0087D1CE /* AppDelegate.swift */ = {isa = PBXFileReference; lastKnownFileType = sourcecode.swift; path = AppDelegate.swift; sourceTree = "<group>"; };
		A5AD72B12832367B0087D1CE /* SceneDelegate.swift */ = {isa = PBXFileReference; lastKnownFileType = sourcecode.swift; path = SceneDelegate.swift; sourceTree = "<group>"; };
		A5AD72B62832367B0087D1CE /* Base */ = {isa = PBXFileReference; lastKnownFileType = file.storyboard; name = Base; path = Base.lproj/Main.storyboard; sourceTree = "<group>"; };
		A5AD72B82832367D0087D1CE /* Assets.xcassets */ = {isa = PBXFileReference; lastKnownFileType = folder.assetcatalog; path = Assets.xcassets; sourceTree = "<group>"; };
		A5AD72BB2832367D0087D1CE /* Base */ = {isa = PBXFileReference; lastKnownFileType = file.storyboard; name = Base; path = Base.lproj/LaunchScreen.storyboard; sourceTree = "<group>"; };
		A5AD72BD2832367D0087D1CE /* Info.plist */ = {isa = PBXFileReference; lastKnownFileType = text.plist.xml; path = Info.plist; sourceTree = "<group>"; };
		A5AD72C3283237250087D1CE /* Profile.swift */ = {isa = PBXFileReference; lastKnownFileType = sourcecode.swift; path = Profile.swift; sourceTree = "<group>"; };
		A5AD72C528323A0A0087D1CE /* ViewModel.swift */ = {isa = PBXFileReference; lastKnownFileType = sourcecode.swift; path = ViewModel.swift; sourceTree = "<group>"; };
/* End PBXFileReference section */

/* Begin PBXFrameworksBuildPhase section */
		A5AD72A92832367B0087D1CE /* Frameworks */ = {
			isa = PBXFrameworksBuildPhase;
			buildActionMask = 2147483647;
			files = (
			);
			runOnlyForDeploymentPostprocessing = 0;
		};
/* End PBXFrameworksBuildPhase section */

/* Begin PBXGroup section */
		A5A951E4283368ED00CC16AF /* Model */ = {
			isa = PBXGroup;
			children = (
				A5AD72C3283237250087D1CE /* Profile.swift */,
			);
			path = Model;
			sourceTree = "<group>";
		};
		A5A951E5283368F600CC16AF /* VIew */ = {
			isa = PBXGroup;
			children = (
				A5A951E02833642100CC16AF /* TableViewController.swift */,
				A5A951E22833685D00CC16AF /* TableViewCell.swift */,
				A5AD72B52832367B0087D1CE /* Main.storyboard */,
				A5AD72BA2832367D0087D1CE /* LaunchScreen.storyboard */,
			);
			path = VIew;
			sourceTree = "<group>";
		};
		A5A951E72833694800CC16AF /* Support FIles */ = {
			isa = PBXGroup;
			children = (
				A5AD72BD2832367D0087D1CE /* Info.plist */,
				A5AD72AF2832367B0087D1CE /* AppDelegate.swift */,
				A5AD72B12832367B0087D1CE /* SceneDelegate.swift */,
				A5AD72B82832367D0087D1CE /* Assets.xcassets */,
			);
			path = "Support FIles";
			sourceTree = "<group>";
		};
		A5A951EA28336E1800CC16AF /* VIewModel */ = {
			isa = PBXGroup;
			children = (
				A5AD72C528323A0A0087D1CE /* ViewModel.swift */,
				A5A951EE283370D300CC16AF /* TableViewCellViewModel.swift */,
			);
			path = VIewModel;
			sourceTree = "<group>";
		};
		A5A951EB28336E2900CC16AF /* Protocols */ = {
			isa = PBXGroup;
			children = (
				A5A951E828336D9600CC16AF /* TableViewViewModelType.swift */,
				A5A951EC2833701200CC16AF /* TableViewCellViewModelType.swift */,
			);
			path = Protocols;
			sourceTree = "<group>";
		};
		A5AD72A32832367B0087D1CE = {
			isa = PBXGroup;
			children = (
				A5AD72AE2832367B0087D1CE /* UserInfo */,
				A5AD72AD2832367B0087D1CE /* Products */,
			);
			sourceTree = "<group>";
		};
		A5AD72AD2832367B0087D1CE /* Products */ = {
			isa = PBXGroup;
			children = (
				A5AD72AC2832367B0087D1CE /* UserInfo.app */,
			);
			name = Products;
			sourceTree = "<group>";
		};
		A5AD72AE2832367B0087D1CE /* UserInfo */ = {
			isa = PBXGroup;
			children = (
				A5A951EA28336E1800CC16AF /* VIewModel */,
				A5A951EB28336E2900CC16AF /* Protocols */,
				A5A951E5283368F600CC16AF /* VIew */,
				A5A951E4283368ED00CC16AF /* Model */,
				A5A951E72833694800CC16AF /* Support FIles */,
			);
			path = UserInfo;
			sourceTree = "<group>";
		};
/* End PBXGroup section */

/* Begin PBXNativeTarget section */
		A5AD72AB2832367B0087D1CE /* UserInfo */ = {
			isa = PBXNativeTarget;
			buildConfigurationList = A5AD72C02832367D0087D1CE /* Build configuration list for PBXNativeTarget "UserInfo" */;
			buildPhases = (
				A5AD72A82832367B0087D1CE /* Sources */,
				A5AD72A92832367B0087D1CE /* Frameworks */,
				A5AD72AA2832367B0087D1CE /* Resources */,
			);
			buildRules = (
			);
			dependencies = (
			);
			name = UserInfo;
			productName = UserInfo;
			productReference = A5AD72AC2832367B0087D1CE /* UserInfo.app */;
			productType = "com.apple.product-type.application";
		};
/* End PBXNativeTarget section */

/* Begin PBXProject section */
		A5AD72A42832367B0087D1CE /* Project object */ = {
			isa = PBXProject;
			attributes = {
				BuildIndependentTargetsInParallel = 1;
				LastSwiftUpdateCheck = 1320;
				LastUpgradeCheck = 1320;
				TargetAttributes = {
					A5AD72AB2832367B0087D1CE = {
						CreatedOnToolsVersion = 13.2.1;
					};
				};
			};
			buildConfigurationList = A5AD72A72832367B0087D1CE /* Build configuration list for PBXProject "UserInfo" */;
			compatibilityVersion = "Xcode 13.0";
			developmentRegion = en;
			hasScannedForEncodings = 0;
			knownRegions = (
				en,
				Base,
			);
			mainGroup = A5AD72A32832367B0087D1CE;
			productRefGroup = A5AD72AD2832367B0087D1CE /* Products */;
			projectDirPath = "";
			projectRoot = "";
			targets = (
				A5AD72AB2832367B0087D1CE /* UserInfo */,
			);
		};
/* End PBXProject section */

/* Begin PBXResourcesBuildPhase section */
		A5AD72AA2832367B0087D1CE /* Resources */ = {
			isa = PBXResourcesBuildPhase;
			buildActionMask = 2147483647;
			files = (
				A5AD72BC2832367D0087D1CE /* LaunchScreen.storyboard in Resources */,
				A5AD72B92832367D0087D1CE /* Assets.xcassets in Resources */,
				A5AD72B72832367B0087D1CE /* Main.storyboard in Resources */,
			);
			runOnlyForDeploymentPostprocessing = 0;
		};
/* End PBXResourcesBuildPhase section */

/* Begin PBXSourcesBuildPhase section */
		A5AD72A82832367B0087D1CE /* Sources */ = {
			isa = PBXSourcesBuildPhase;
			buildActionMask = 2147483647;
			files = (
				A5A951ED2833701200CC16AF /* TableViewCellViewModelType.swift in Sources */,
				A5AD72C628323A0A0087D1CE /* ViewModel.swift in Sources */,
				A5A951E12833642100CC16AF /* TableViewController.swift in Sources */,
				A5AD72C4283237250087D1CE /* Profile.swift in Sources */,
				A5A951E32833685D00CC16AF /* TableViewCell.swift in Sources */,
				A5A951E928336D9600CC16AF /* TableViewViewModelType.swift in Sources */,
				A5A951EF283370D300CC16AF /* TableViewCellViewModel.swift in Sources */,
				A5AD72B02832367B0087D1CE /* AppDelegate.swift in Sources */,
				A5AD72B22832367B0087D1CE /* SceneDelegate.swift in Sources */,
			);
			runOnlyForDeploymentPostprocessing = 0;
		};
/* End PBXSourcesBuildPhase section */

/* Begin PBXVariantGroup section */
		A5AD72B52832367B0087D1CE /* Main.storyboard */ = {
			isa = PBXVariantGroup;
			children = (
				A5AD72B62832367B0087D1CE /* Base */,
			);
			name = Main.storyboard;
			sourceTree = "<group>";
		};
		A5AD72BA2832367D0087D1CE /* LaunchScreen.storyboard */ = {
			isa = PBXVariantGroup;
			children = (
				A5AD72BB2832367D0087D1CE /* Base */,
			);
			name = LaunchScreen.storyboard;
			sourceTree = "<group>";
		};
/* End PBXVariantGroup section */

/* Begin XCBuildConfiguration section */
		A5AD72BE2832367D0087D1CE /* Debug */ = {
			isa = XCBuildConfiguration;
			buildSettings = {
				ALWAYS_SEARCH_USER_PATHS = NO;
				CLANG_ANALYZER_NONNULL = YES;
				CLANG_ANALYZER_NUMBER_OBJECT_CONVERSION = YES_AGGRESSIVE;
				CLANG_CXX_LANGUAGE_STANDARD = "gnu++17";
				CLANG_CXX_LIBRARY = "libc++";
				CLANG_ENABLE_MODULES = YES;
				CLANG_ENABLE_OBJC_ARC = YES;
				CLANG_ENABLE_OBJC_WEAK = YES;
				CLANG_WARN_BLOCK_CAPTURE_AUTORELEASING = YES;
				CLANG_WARN_BOOL_CONVERSION = YES;
				CLANG_WARN_COMMA = YES;
				CLANG_WARN_CONSTANT_CONVERSION = YES;
				CLANG_WARN_DEPRECATED_OBJC_IMPLEMENTATIONS = YES;
				CLANG_WARN_DIRECT_OBJC_ISA_USAGE = YES_ERROR;
				CLANG_WARN_DOCUMENTATION_COMMENTS = YES;
				CLANG_WARN_EMPTY_BODY = YES;
				CLANG_WARN_ENUM_CONVERSION = YES;
				CLANG_WARN_INFINITE_RECURSION = YES;
				CLANG_WARN_INT_CONVERSION = YES;
				CLANG_WARN_NON_LITERAL_NULL_CONVERSION = YES;
				CLANG_WARN_OBJC_IMPLICIT_RETAIN_SELF = YES;
				CLANG_WARN_OBJC_LITERAL_CONVERSION = YES;
				CLANG_WARN_OBJC_ROOT_CLASS = YES_ERROR;
				CLANG_WARN_QUOTED_INCLUDE_IN_FRAMEWORK_HEADER = YES;
				CLANG_WARN_RANGE_LOOP_ANALYSIS = YES;
				CLANG_WARN_STRICT_PROTOTYPES = YES;
				CLANG_WARN_SUSPICIOUS_MOVE = YES;
				CLANG_WARN_UNGUARDED_AVAILABILITY = YES_AGGRESSIVE;
				CLANG_WARN_UNREACHABLE_CODE = YES;
				CLANG_WARN__DUPLICATE_METHOD_MATCH = YES;
				COPY_PHASE_STRIP = NO;
				DEBUG_INFORMATION_FORMAT = dwarf;
				ENABLE_STRICT_OBJC_MSGSEND = YES;
				ENABLE_TESTABILITY = YES;
				GCC_C_LANGUAGE_STANDARD = gnu11;
				GCC_DYNAMIC_NO_PIC = NO;
				GCC_NO_COMMON_BLOCKS = YES;
				GCC_OPTIMIZATION_LEVEL = 0;
				GCC_PREPROCESSOR_DEFINITIONS = (
					"DEBUG=1",
					"$(inherited)",
				);
				GCC_WARN_64_TO_32_BIT_CONVERSION = YES;
				GCC_WARN_ABOUT_RETURN_TYPE = YES_ERROR;
				GCC_WARN_UNDECLARED_SELECTOR = YES;
				GCC_WARN_UNINITIALIZED_AUTOS = YES_AGGRESSIVE;
				GCC_WARN_UNUSED_FUNCTION = YES;
				GCC_WARN_UNUSED_VARIABLE = YES;
				IPHONEOS_DEPLOYMENT_TARGET = 15.2;
				MTL_ENABLE_DEBUG_INFO = INCLUDE_SOURCE;
				MTL_FAST_MATH = YES;
				ONLY_ACTIVE_ARCH = YES;
				SDKROOT = iphoneos;
				SWIFT_ACTIVE_COMPILATION_CONDITIONS = DEBUG;
				SWIFT_OPTIMIZATION_LEVEL = "-Onone";
			};
			name = Debug;
		};
		A5AD72BF2832367D0087D1CE /* Release */ = {
			isa = XCBuildConfiguration;
			buildSettings = {
				ALWAYS_SEARCH_USER_PATHS = NO;
				CLANG_ANALYZER_NONNULL = YES;
				CLANG_ANALYZER_NUMBER_OBJECT_CONVERSION = YES_AGGRESSIVE;
				CLANG_CXX_LANGUAGE_STANDARD = "gnu++17";
				CLANG_CXX_LIBRARY = "libc++";
				CLANG_ENABLE_MODULES = YES;
				CLANG_ENABLE_OBJC_ARC = YES;
				CLANG_ENABLE_OBJC_WEAK = YES;
				CLANG_WARN_BLOCK_CAPTURE_AUTORELEASING = YES;
				CLANG_WARN_BOOL_CONVERSION = YES;
				CLANG_WARN_COMMA = YES;
				CLANG_WARN_CONSTANT_CONVERSION = YES;
				CLANG_WARN_DEPRECATED_OBJC_IMPLEMENTATIONS = YES;
				CLANG_WARN_DIRECT_OBJC_ISA_USAGE = YES_ERROR;
				CLANG_WARN_DOCUMENTATION_COMMENTS = YES;
				CLANG_WARN_EMPTY_BODY = YES;
				CLANG_WARN_ENUM_CONVERSION = YES;
				CLANG_WARN_INFINITE_RECURSION = YES;
				CLANG_WARN_INT_CONVERSION = YES;
				CLANG_WARN_NON_LITERAL_NULL_CONVERSION = YES;
				CLANG_WARN_OBJC_IMPLICIT_RETAIN_SELF = YES;
				CLANG_WARN_OBJC_LITERAL_CONVERSION = YES;
				CLANG_WARN_OBJC_ROOT_CLASS = YES_ERROR;
				CLANG_WARN_QUOTED_INCLUDE_IN_FRAMEWORK_HEADER = YES;
				CLANG_WARN_RANGE_LOOP_ANALYSIS = YES;
				CLANG_WARN_STRICT_PROTOTYPES = YES;
				CLANG_WARN_SUSPICIOUS_MOVE = YES;
				CLANG_WARN_UNGUARDED_AVAILABILITY = YES_AGGRESSIVE;
				CLANG_WARN_UNREACHABLE_CODE = YES;
				CLANG_WARN__DUPLICATE_METHOD_MATCH = YES;
				COPY_PHASE_STRIP = NO;
				DEBUG_INFORMATION_FORMAT = "dwarf-with-dsym";
				ENABLE_NS_ASSERTIONS = NO;
				ENABLE_STRICT_OBJC_MSGSEND = YES;
				GCC_C_LANGUAGE_STANDARD = gnu11;
				GCC_NO_COMMON_BLOCKS = YES;
				GCC_WARN_64_TO_32_BIT_CONVERSION = YES;
				GCC_WARN_ABOUT_RETURN_TYPE = YES_ERROR;
				GCC_WARN_UNDECLARED_SELECTOR = YES;
				GCC_WARN_UNINITIALIZED_AUTOS = YES_AGGRESSIVE;
				GCC_WARN_UNUSED_FUNCTION = YES;
				GCC_WARN_UNUSED_VARIABLE = YES;
				IPHONEOS_DEPLOYMENT_TARGET = 15.2;
				MTL_ENABLE_DEBUG_INFO = NO;
				MTL_FAST_MATH = YES;
				SDKROOT = iphoneos;
				SWIFT_COMPILATION_MODE = wholemodule;
				SWIFT_OPTIMIZATION_LEVEL = "-O";
				VALIDATE_PRODUCT = YES;
			};
			name = Release;
		};
		A5AD72C12832367D0087D1CE /* Debug */ = {
			isa = XCBuildConfiguration;
			buildSettings = {
				ASSETCATALOG_COMPILER_APPICON_NAME = AppIcon;
				ASSETCATALOG_COMPILER_GLOBAL_ACCENT_COLOR_NAME = AccentColor;
				CODE_SIGN_STYLE = Automatic;
				CURRENT_PROJECT_VERSION = 1;
				DEVELOPMENT_TEAM = 2BFF25EMY9;
				GENERATE_INFOPLIST_FILE = YES;
				INFOPLIST_FILE = "UserInfo/Support Files/Info.plist";
				INFOPLIST_KEY_UIApplicationSupportsIndirectInputEvents = YES;
				INFOPLIST_KEY_UILaunchStoryboardName = LaunchScreen;
				INFOPLIST_KEY_UIMainStoryboardFile = Main;
				INFOPLIST_KEY_UISupportedInterfaceOrientations_iPad = "UIInterfaceOrientationPortrait UIInterfaceOrientationPortraitUpsideDown UIInterfaceOrientationLandscapeLeft UIInterfaceOrientationLandscapeRight";
				INFOPLIST_KEY_UISupportedInterfaceOrientations_iPhone = "UIInterfaceOrientationPortrait UIInterfaceOrientationLandscapeLeft UIInterfaceOrientationLandscapeRight";
				LD_RUNPATH_SEARCH_PATHS = (
					"$(inherited)",
					"@executable_path/Frameworks",
				);
				MARKETING_VERSION = 1.0;
				PRODUCT_BUNDLE_IDENTIFIER = SergeyS.UserInfo;
				PRODUCT_NAME = "$(TARGET_NAME)";
				SWIFT_EMIT_LOC_STRINGS = YES;
				SWIFT_VERSION = 5.0;
				TARGETED_DEVICE_FAMILY = "1,2";
			};
			name = Debug;
		};
		A5AD72C22832367D0087D1CE /* Release */ = {
			isa = XCBuildConfiguration;
			buildSettings = {
				ASSETCATALOG_COMPILER_APPICON_NAME = AppIcon;
				ASSETCATALOG_COMPILER_GLOBAL_ACCENT_COLOR_NAME = AccentColor;
				CODE_SIGN_STYLE = Automatic;
				CURRENT_PROJECT_VERSION = 1;
				DEVELOPMENT_TEAM = 2BFF25EMY9;
				GENERATE_INFOPLIST_FILE = YES;
				INFOPLIST_FILE = "UserInfo/Support Files/Info.plist";
				INFOPLIST_KEY_UIApplicationSupportsIndirectInputEvents = YES;
				INFOPLIST_KEY_UILaunchStoryboardName = LaunchScreen;
				INFOPLIST_KEY_UIMainStoryboardFile = Main;
				INFOPLIST_KEY_UISupportedInterfaceOrientations_iPad = "UIInterfaceOrientationPortrait UIInterfaceOrientationPortraitUpsideDown UIInterfaceOrientationLandscapeLeft UIInterfaceOrientationLandscapeRight";
				INFOPLIST_KEY_UISupportedInterfaceOrientations_iPhone = "UIInterfaceOrientationPortrait UIInterfaceOrientationLandscapeLeft UIInterfaceOrientationLandscapeRight";
				LD_RUNPATH_SEARCH_PATHS = (
					"$(inherited)",
					"@executable_path/Frameworks",
				);
				MARKETING_VERSION = 1.0;
				PRODUCT_BUNDLE_IDENTIFIER = SergeyS.UserInfo;
				PRODUCT_NAME = "$(TARGET_NAME)";
				SWIFT_EMIT_LOC_STRINGS = YES;
				SWIFT_VERSION = 5.0;
				TARGETED_DEVICE_FAMILY = "1,2";
			};
			name = Release;
		};
/* End XCBuildConfiguration section */

/* Begin XCConfigurationList section */
		A5AD72A72832367B0087D1CE /* Build configuration list for PBXProject "UserInfo" */ = {
			isa = XCConfigurationList;
			buildConfigurations = (
				A5AD72BE2832367D0087D1CE /* Debug */,
				A5AD72BF2832367D0087D1CE /* Release */,
			);
			defaultConfigurationIsVisible = 0;
			defaultConfigurationName = Release;
		};
		A5AD72C02832367D0087D1CE /* Build configuration list for PBXNativeTarget "UserInfo" */ = {
			isa = XCConfigurationList;
			buildConfigurations = (
				A5AD72C12832367D0087D1CE /* Debug */,
				A5AD72C22832367D0087D1CE /* Release */,
			);
			defaultConfigurationIsVisible = 0;
			defaultConfigurationName = Release;
		};
/* End XCConfigurationList section */
	};
	rootObject = A5AD72A42832367B0087D1CE /* Project object */;
}
